
Microsoft Visual Studio Solution File, Format Version 12.00
# Visual Studio Version 17
VisualStudioVersion = 17.12.35514.174 d17.12
MinimumVisualStudioVersion = 10.0.40219.1
Project("{FAE04EC0-301F-11D3-BF4B-00C04F79EFBC}") = "Redis", "Redis\Redis.csproj", "{CC119491-3969-46EC-BC61-BF613054D149}"
EndProject
Project("{FAE04EC0-301F-11D3-BF4B-00C04F79EFBC}") = "Common", "Common\Common.csproj", "{075FBAF6-404E-4ECE-929A-32581DC310C2}"
EndProject
Global
	GlobalSection(SolutionConfigurationPlatforms) = preSolution
		Debug|Any CPU = Debug|Any CPU
		Release|Any CPU = Release|Any CPU
	EndGlobalSection
	GlobalSection(ProjectConfigurationPlatforms) = postSolution
		{CC119491-3969-46EC-BC61-BF613054D149}.Debug|Any CPU.ActiveCfg = Debug|Any CPU
		{CC119491-3969-46EC-BC61-BF613054D149}.Debug|Any CPU.Build.0 = Debug|Any CPU
		{CC119491-3969-46EC-BC61-BF613054D149}.Release|Any CPU.ActiveCfg = Release|Any CPU
		{CC119491-3969-46EC-BC61-BF613054D149}.Release|Any CPU.Build.0 = Release|Any CPU
		{075FBAF6-404E-4ECE-929A-32581DC310C2}.Debug|Any CPU.ActiveCfg = Debug|Any CPU
		{075FBAF6-404E-4ECE-929A-32581DC310C2}.Debug|Any CPU.Build.0 = Debug|Any CPU
		{075FBAF6-404E-4ECE-929A-32581DC310C2}.Release|Any CPU.ActiveCfg = Release|Any CPU
		{075FBAF6-404E-4ECE-929A-32581DC310C2}.Release|Any CPU.Build.0 = Release|Any CPU
	EndGlobalSection
	GlobalSection(SolutionProperties) = preSolution
		HideSolutionNode = FALSE
	EndGlobalSection
EndGlobal
